
Microsoft Visual Studio Solution File, Format Version 12.00
# Visual Studio 15
VisualStudioVersion = 15.0.27130.2036
MinimumVisualStudioVersion = 10.0.40219.1
Project("{9A19103F-16F7-4668-BE54-9A1E7A4F7556}") = "CommunicationLib", "CommunicationLib\CommunicationLib.csproj", "{38762EC4-5FE3-474E-A1F1-300131C32517}"
EndProject
Project("{9A19103F-16F7-4668-BE54-9A1E7A4F7556}") = "CommunicationLib.Tests", "CommunicationLib.Tests\CommunicationLib.Tests.csproj", "{255F7298-F5BD-407D-BA99-EC78AF783F40}"
EndProject
Global
	GlobalSection(SolutionConfigurationPlatforms) = preSolution
		Debug|Any CPU = Debug|Any CPU
		Release|Any CPU = Release|Any CPU
	EndGlobalSection
	GlobalSection(ProjectConfigurationPlatforms) = postSolution
		{38762EC4-5FE3-474E-A1F1-300131C32517}.Debug|Any CPU.ActiveCfg = Debug|Any CPU
		{38762EC4-5FE3-474E-A1F1-300131C32517}.Debug|Any CPU.Build.0 = Debug|Any CPU
		{38762EC4-5FE3-474E-A1F1-300131C32517}.Release|Any CPU.ActiveCfg = Release|Any CPU
		{38762EC4-5FE3-474E-A1F1-300131C32517}.Release|Any CPU.Build.0 = Release|Any CPU
		{255F7298-F5BD-407D-BA99-EC78AF783F40}.Debug|Any CPU.ActiveCfg = Debug|Any CPU
		{255F7298-F5BD-407D-BA99-EC78AF783F40}.Debug|Any CPU.Build.0 = Debug|Any CPU
		{255F7298-F5BD-407D-BA99-EC78AF783F40}.Release|Any CPU.ActiveCfg = Release|Any CPU
		{255F7298-F5BD-407D-BA99-EC78AF783F40}.Release|Any CPU.Build.0 = Release|Any CPU
	EndGlobalSection
	GlobalSection(SolutionProperties) = preSolution
		HideSolutionNode = FALSE
	EndGlobalSection
	GlobalSection(ExtensibilityGlobals) = postSolution
		SolutionGuid = {04990DC4-ADCE-468F-A02D-8798106123A1}
	EndGlobalSection
EndGlobal
